github.com/kdimtri/serverEngine/engine v0.0.0-20210814153306-60489f6e3477 h1:VJ95UuPeunPx+VKIdKXXleQJ20H7zwEUY76wGDqB+Lo=
github.com/kdimtri/serverEngine/engine v0.0.0-20210814153306-60489f6e3477/go.mod h1:1f8fJQvK7kdRC/0Be9KGuagPeNm3s8NPgwwFfOYlSeM=
github.com/kdimtri/serverEngine/engine v0.0.0-20210814160021-c2981c0bc9aa h1:HhgqbVnd89ElA8wXZ759sl/1FQku8AWylHt4Xf6QX+g=
github.com/kdimtri/serverEngine/engine v0.0.0-20210814160021-c2981c0bc9aa/go.mod h1:1f8fJQvK7kdRC/0Be9KGuagPeNm3s8NPgwwFfOYlSeM=
