github.com/kdimtri/serverEngine/engine v0.0.0-20210814153306-60489f6e3477 h1:VJ95UuPeunPx+VKIdKXXleQJ20H7zwEUY76wGDqB+Lo=
github.com/kdimtri/serverEngine/engine v0.0.0-20210814153306-60489f6e3477/go.mod h1:1f8fJQvK7kdRC/0Be9KGuagPeNm3s8NPgwwFfOYlSeM=
github.com/kdimtri/serverEngine/model v0.0.0-20210814153306-60489f6e3477 h1:2+soU2LxLpH9dkgv1Y7oVA67me5uYPV7yW0z06stauw=
github.com/kdimtri/serverEngine/model v0.0.0-20210814153306-60489f6e3477/go.mod h1:MPKn6AEYUCelCu3s4MRSmD2kjKjz75EPVzKar/3is8E=
